// !$*UTF8*$!
{
	archiveVersion = 1;
	classes = {
	};
	objectVersion = 50;
	objects = {

/* Begin PBXBuildFile section */
		AB5F8C5A23F75CE3001064C7 /* main.swift in Sources */ = {isa = PBXBuildFile; fileRef = AB5F8C5923F75CE3001064C7 /* main.swift */; };
		AB5F8C6323F762BD001064C7 /* Display.swift in Sources */ = {isa = PBXBuildFile; fileRef = AB5F8C6223F762BD001064C7 /* Display.swift */; };
		AB5F8C6523F762F9001064C7 /* Bill.swift in Sources */ = {isa = PBXBuildFile; fileRef = AB5F8C6423F762F9001064C7 /* Bill.swift */; };
		AB5F8C6723F7643D001064C7 /* BillType.swift in Sources */ = {isa = PBXBuildFile; fileRef = AB5F8C6623F7643D001064C7 /* BillType.swift */; };
		AB5F8C6923F76BE9001064C7 /* MobileBill.swift in Sources */ = {isa = PBXBuildFile; fileRef = AB5F8C6823F76BE9001064C7 /* MobileBill.swift */; };
		AB5F8C6B23F76FBC001064C7 /* CustomStringConvertible+Additions.swift in Sources */ = {isa = PBXBuildFile; fileRef = AB5F8C6A23F76FBC001064C7 /* CustomStringConvertible+Additions.swift */; };
		AB5F8C6D23F77263001064C7 /* InternetBill.swift in Sources */ = {isa = PBXBuildFile; fileRef = AB5F8C6C23F77263001064C7 /* InternetBill.swift */; };
		AB5F8C6F23F773D4001064C7 /* HydroBill.swift in Sources */ = {isa = PBXBuildFile; fileRef = AB5F8C6E23F773D4001064C7 /* HydroBill.swift */; };
		AB5F8C7123F77573001064C7 /* Customer.swift in Sources */ = {isa = PBXBuildFile; fileRef = AB5F8C7023F77573001064C7 /* Customer.swift */; };
		ABC75D5923FB7D2100C6D9B6 /* CellPhoneProvider.swift in Sources */ = {isa = PBXBuildFile; fileRef = ABC75D5823FB7D2100C6D9B6 /* CellPhoneProvider.swift */; };
		ABC75D5B23FC3AEC00C6D9B6 /* InternetProvider.swift in Sources */ = {isa = PBXBuildFile; fileRef = ABC75D5A23FC3AEC00C6D9B6 /* InternetProvider.swift */; };
		ABC75D5D23FC3B4C00C6D9B6 /* HydroProvider.swift in Sources */ = {isa = PBXBuildFile; fileRef = ABC75D5C23FC3B4C00C6D9B6 /* HydroProvider.swift */; };
		ABC75D5F23FC5E3700C6D9B6 /* Float+UnitFormat.swift in Sources */ = {isa = PBXBuildFile; fileRef = ABC75D5E23FC5E3700C6D9B6 /* Float+UnitFormat.swift */; };
		ABC75D6123FC612300C6D9B6 /* Float+PriceFormat.swift in Sources */ = {isa = PBXBuildFile; fileRef = ABC75D6023FC612300C6D9B6 /* Float+PriceFormat.swift */; };
		ABC75D6323FC63B000C6D9B6 /* Float+DataUsageFormat.swift in Sources */ = {isa = PBXBuildFile; fileRef = ABC75D6223FC63B000C6D9B6 /* Float+DataUsageFormat.swift */; };
		ABC75D6523FC739500C6D9B6 /* Date+Format.swift in Sources */ = {isa = PBXBuildFile; fileRef = ABC75D6423FC739500C6D9B6 /* Date+Format.swift */; };
		ABC75D6723FC782C00C6D9B6 /* Validations.swift in Sources */ = {isa = PBXBuildFile; fileRef = ABC75D6623FC782C00C6D9B6 /* Validations.swift */; };
/* End PBXBuildFile section */

/* Begin PBXCopyFilesBuildPhase section */
		AB5F8C5423F75CE3001064C7 /* CopyFiles */ = {
			isa = PBXCopyFilesBuildPhase;
			buildActionMask = 2147483647;
			dstPath = /usr/share/man/man1/;
			dstSubfolderSpec = 0;
			files = (
			);
			runOnlyForDeploymentPostprocessing = 1;
		};
/* End PBXCopyFilesBuildPhase section */

/* Begin PBXFileReference section */
		AB5F8C5623F75CE3001064C7 /* MAD2020 */ = {isa = PBXFileReference; explicitFileType = "compiled.mach-o.executable"; includeInIndex = 0; path = MAD2020; sourceTree = BUILT_PRODUCTS_DIR; };
		AB5F8C5923F75CE3001064C7 /* main.swift */ = {isa = PBXFileReference; lastKnownFileType = sourcecode.swift; path = main.swift; sourceTree = "<group>"; };
		AB5F8C6223F762BD001064C7 /* Display.swift */ = {isa = PBXFileReference; lastKnownFileType = sourcecode.swift; path = Display.swift; sourceTree = "<group>"; };
		AB5F8C6423F762F9001064C7 /* Bill.swift */ = {isa = PBXFileReference; lastKnownFileType = sourcecode.swift; path = Bill.swift; sourceTree = "<group>"; };
		AB5F8C6623F7643D001064C7 /* BillType.swift */ = {isa = PBXFileReference; lastKnownFileType = sourcecode.swift; path = BillType.swift; sourceTree = "<group>"; };
		AB5F8C6823F76BE9001064C7 /* MobileBill.swift */ = {isa = PBXFileReference; lastKnownFileType = sourcecode.swift; path = MobileBill.swift; sourceTree = "<group>"; };
		AB5F8C6A23F76FBC001064C7 /* CustomStringConvertible+Additions.swift */ = {isa = PBXFileReference; lastKnownFileType = sourcecode.swift; path = "CustomStringConvertible+Additions.swift"; sourceTree = "<group>"; };
		AB5F8C6C23F77263001064C7 /* InternetBill.swift */ = {isa = PBXFileReference; lastKnownFileType = sourcecode.swift; path = InternetBill.swift; sourceTree = "<group>"; };
		AB5F8C6E23F773D4001064C7 /* HydroBill.swift */ = {isa = PBXFileReference; lastKnownFileType = sourcecode.swift; path = HydroBill.swift; sourceTree = "<group>"; };
		AB5F8C7023F77573001064C7 /* Customer.swift */ = {isa = PBXFileReference; lastKnownFileType = sourcecode.swift; path = Customer.swift; sourceTree = "<group>"; };
		ABC75D5823FB7D2100C6D9B6 /* CellPhoneProvider.swift */ = {isa = PBXFileReference; lastKnownFileType = sourcecode.swift; path = CellPhoneProvider.swift; sourceTree = "<group>"; };
		ABC75D5A23FC3AEC00C6D9B6 /* InternetProvider.swift */ = {isa = PBXFileReference; lastKnownFileType = sourcecode.swift; path = InternetProvider.swift; sourceTree = "<group>"; };
		ABC75D5C23FC3B4C00C6D9B6 /* HydroProvider.swift */ = {isa = PBXFileReference; lastKnownFileType = sourcecode.swift; path = HydroProvider.swift; sourceTree = "<group>"; };
		ABC75D5E23FC5E3700C6D9B6 /* Float+UnitFormat.swift */ = {isa = PBXFileReference; lastKnownFileType = sourcecode.swift; path = "Float+UnitFormat.swift"; sourceTree = "<group>"; };
		ABC75D6023FC612300C6D9B6 /* Float+PriceFormat.swift */ = {isa = PBXFileReference; lastKnownFileType = sourcecode.swift; path = "Float+PriceFormat.swift"; sourceTree = "<group>"; };
		ABC75D6223FC63B000C6D9B6 /* Float+DataUsageFormat.swift */ = {isa = PBXFileReference; lastKnownFileType = sourcecode.swift; path = "Float+DataUsageFormat.swift"; sourceTree = "<group>"; };
		ABC75D6423FC739500C6D9B6 /* Date+Format.swift */ = {isa = PBXFileReference; lastKnownFileType = sourcecode.swift; path = "Date+Format.swift"; sourceTree = "<group>"; };
		ABC75D6623FC782C00C6D9B6 /* Validations.swift */ = {isa = PBXFileReference; lastKnownFileType = sourcecode.swift; path = Validations.swift; sourceTree = "<group>"; };
/* End PBXFileReference section */

/* Begin PBXFrameworksBuildPhase section */
		AB5F8C5323F75CE3001064C7 /* Frameworks */ = {
			isa = PBXFrameworksBuildPhase;
			buildActionMask = 2147483647;
			files = (
			);
			runOnlyForDeploymentPostprocessing = 0;
		};
/* End PBXFrameworksBuildPhase section */

/* Begin PBXGroup section */
		AB5F8C4D23F75CE3001064C7 = {
			isa = PBXGroup;
			children = (
				AB5F8C5823F75CE3001064C7 /* MAD2020 */,
				AB5F8C5723F75CE3001064C7 /* Products */,
			);
			sourceTree = "<group>";
		};
		AB5F8C5723F75CE3001064C7 /* Products */ = {
			isa = PBXGroup;
			children = (
				AB5F8C5623F75CE3001064C7 /* MAD2020 */,
			);
			name = Products;
			sourceTree = "<group>";
		};
		AB5F8C5823F75CE3001064C7 /* MAD2020 */ = {
			isa = PBXGroup;
			children = (
				ABC75D5723FB7D0300C6D9B6 /* provider */,
				ABC75D5623FB712C00C6D9B6 /* customer */,
				ABC75D5523FB711500C6D9B6 /* util */,
				ABC75D5423FB70A900C6D9B6 /* extension */,
				ABC75D5323FB707C00C6D9B6 /* bill */,
				AB5F8C5923F75CE3001064C7 /* main.swift */,
			);
			path = MAD2020;
			sourceTree = "<group>";
		};
		ABC75D5323FB707C00C6D9B6 /* bill */ = {
			isa = PBXGroup;
			children = (
				AB5F8C6C23F77263001064C7 /* InternetBill.swift */,
				AB5F8C6E23F773D4001064C7 /* HydroBill.swift */,
				AB5F8C6823F76BE9001064C7 /* MobileBill.swift */,
				AB5F8C6623F7643D001064C7 /* BillType.swift */,
				AB5F8C6423F762F9001064C7 /* Bill.swift */,
			);
			path = bill;
			sourceTree = "<group>";
		};
		ABC75D5423FB70A900C6D9B6 /* extension */ = {
			isa = PBXGroup;
			children = (
				AB5F8C6A23F76FBC001064C7 /* CustomStringConvertible+Additions.swift */,
				ABC75D5E23FC5E3700C6D9B6 /* Float+UnitFormat.swift */,
				ABC75D6023FC612300C6D9B6 /* Float+PriceFormat.swift */,
				ABC75D6223FC63B000C6D9B6 /* Float+DataUsageFormat.swift */,
				ABC75D6423FC739500C6D9B6 /* Date+Format.swift */,
			);
			path = extension;
			sourceTree = "<group>";
		};
		ABC75D5523FB711500C6D9B6 /* util */ = {
			isa = PBXGroup;
			children = (
				AB5F8C6223F762BD001064C7 /* Display.swift */,
				ABC75D6623FC782C00C6D9B6 /* Validations.swift */,
			);
			path = util;
			sourceTree = "<group>";
		};
		ABC75D5623FB712C00C6D9B6 /* customer */ = {
			isa = PBXGroup;
			children = (
				AB5F8C7023F77573001064C7 /* Customer.swift */,
			);
			path = customer;
			sourceTree = "<group>";
		};
		ABC75D5723FB7D0300C6D9B6 /* provider */ = {
			isa = PBXGroup;
			children = (
				ABC75D5823FB7D2100C6D9B6 /* CellPhoneProvider.swift */,
				ABC75D5A23FC3AEC00C6D9B6 /* InternetProvider.swift */,
				ABC75D5C23FC3B4C00C6D9B6 /* HydroProvider.swift */,
			);
			path = provider;
			sourceTree = "<group>";
		};
/* End PBXGroup section */

/* Begin PBXNativeTarget section */
		AB5F8C5523F75CE3001064C7 /* MAD2020 */ = {
			isa = PBXNativeTarget;
			buildConfigurationList = AB5F8C5D23F75CE3001064C7 /* Build configuration list for PBXNativeTarget "MAD2020" */;
			buildPhases = (
				AB5F8C5223F75CE3001064C7 /* Sources */,
				AB5F8C5323F75CE3001064C7 /* Frameworks */,
				AB5F8C5423F75CE3001064C7 /* CopyFiles */,
			);
			buildRules = (
			);
			dependencies = (
			);
			name = MAD2020;
			productName = MAD2020;
			productReference = AB5F8C5623F75CE3001064C7 /* MAD2020 */;
			productType = "com.apple.product-type.tool";
		};
/* End PBXNativeTarget section */

/* Begin PBXProject section */
		AB5F8C4E23F75CE3001064C7 /* Project object */ = {
			isa = PBXProject;
			attributes = {
				LastSwiftUpdateCheck = 1010;
				LastUpgradeCheck = 1010;
				ORGANIZATIONNAME = com.lambton;
				TargetAttributes = {
					AB5F8C5523F75CE3001064C7 = {
						CreatedOnToolsVersion = 10.1;
					};
				};
			};
			buildConfigurationList = AB5F8C5123F75CE3001064C7 /* Build configuration list for PBXProject "MAD2020" */;
			compatibilityVersion = "Xcode 9.3";
			developmentRegion = en;
			hasScannedForEncodings = 0;
			knownRegions = (
				en,
			);
			mainGroup = AB5F8C4D23F75CE3001064C7;
			productRefGroup = AB5F8C5723F75CE3001064C7 /* Products */;
			projectDirPath = "";
			projectRoot = "";
			targets = (
				AB5F8C5523F75CE3001064C7 /* MAD2020 */,
			);
		};
/* End PBXProject section */

/* Begin PBXSourcesBuildPhase section */
		AB5F8C5223F75CE3001064C7 /* Sources */ = {
			isa = PBXSourcesBuildPhase;
			buildActionMask = 2147483647;
			files = (
				ABC75D5F23FC5E3700C6D9B6 /* Float+UnitFormat.swift in Sources */,
				ABC75D6123FC612300C6D9B6 /* Float+PriceFormat.swift in Sources */,
				AB5F8C6D23F77263001064C7 /* InternetBill.swift in Sources */,
				AB5F8C6923F76BE9001064C7 /* MobileBill.swift in Sources */,
				AB5F8C6323F762BD001064C7 /* Display.swift in Sources */,
				ABC75D6723FC782C00C6D9B6 /* Validations.swift in Sources */,
				AB5F8C6F23F773D4001064C7 /* HydroBill.swift in Sources */,
				AB5F8C6523F762F9001064C7 /* Bill.swift in Sources */,
				AB5F8C6723F7643D001064C7 /* BillType.swift in Sources */,
				ABC75D5B23FC3AEC00C6D9B6 /* InternetProvider.swift in Sources */,
				AB5F8C7123F77573001064C7 /* Customer.swift in Sources */,
				AB5F8C5A23F75CE3001064C7 /* main.swift in Sources */,
				ABC75D5923FB7D2100C6D9B6 /* CellPhoneProvider.swift in Sources */,
				AB5F8C6B23F76FBC001064C7 /* CustomStringConvertible+Additions.swift in Sources */,
				ABC75D5D23FC3B4C00C6D9B6 /* HydroProvider.swift in Sources */,
				ABC75D6523FC739500C6D9B6 /* Date+Format.swift in Sources */,
				ABC75D6323FC63B000C6D9B6 /* Float+DataUsageFormat.swift in Sources */,
			);
			runOnlyForDeploymentPostprocessing = 0;
		};
/* End PBXSourcesBuildPhase section */

/* Begin XCBuildConfiguration section */
		AB5F8C5B23F75CE3001064C7 /* Debug */ = {
			isa = XCBuildConfiguration;
			buildSettings = {
				ALWAYS_SEARCH_USER_PATHS = NO;
				CLANG_ANALYZER_NONNULL = YES;
				CLANG_ANALYZER_NUMBER_OBJECT_CONVERSION = YES_AGGRESSIVE;
				CLANG_CXX_LANGUAGE_STANDARD = "gnu++14";
				CLANG_CXX_LIBRARY = "libc++";
				CLANG_ENABLE_MODULES = YES;
				CLANG_ENABLE_OBJC_ARC = YES;
				CLANG_ENABLE_OBJC_WEAK = YES;
				CLANG_WARN_BLOCK_CAPTURE_AUTORELEASING = YES;
				CLANG_WARN_BOOL_CONVERSION = YES;
				CLANG_WARN_COMMA = YES;
				CLANG_WARN_CONSTANT_CONVERSION = YES;
				CLANG_WARN_DEPRECATED_OBJC_IMPLEMENTATIONS = YES;
				CLANG_WARN_DIRECT_OBJC_ISA_USAGE = YES_ERROR;
				CLANG_WARN_DOCUMENTATION_COMMENTS = YES;
				CLANG_WARN_EMPTY_BODY = YES;
				CLANG_WARN_ENUM_CONVERSION = YES;
				CLANG_WARN_INFINITE_RECURSION = YES;
				CLANG_WARN_INT_CONVERSION = YES;
				CLANG_WARN_NON_LITERAL_NULL_CONVERSION = YES;
				CLANG_WARN_OBJC_IMPLICIT_RETAIN_SELF = YES;
				CLANG_WARN_OBJC_LITERAL_CONVERSION = YES;
				CLANG_WARN_OBJC_ROOT_CLASS = YES_ERROR;
				CLANG_WARN_RANGE_LOOP_ANALYSIS = YES;
				CLANG_WARN_STRICT_PROTOTYPES = YES;
				CLANG_WARN_SUSPICIOUS_MOVE = YES;
				CLANG_WARN_UNGUARDED_AVAILABILITY = YES_AGGRESSIVE;
				CLANG_WARN_UNREACHABLE_CODE = YES;
				CLANG_WARN__DUPLICATE_METHOD_MATCH = YES;
				CODE_SIGN_IDENTITY = "-";
				COPY_PHASE_STRIP = NO;
				DEBUG_INFORMATION_FORMAT = dwarf;
				ENABLE_STRICT_OBJC_MSGSEND = YES;
				ENABLE_TESTABILITY = YES;
				GCC_C_LANGUAGE_STANDARD = gnu11;
				GCC_DYNAMIC_NO_PIC = NO;
				GCC_NO_COMMON_BLOCKS = YES;
				GCC_OPTIMIZATION_LEVEL = 0;
				GCC_PREPROCESSOR_DEFINITIONS = (
					"DEBUG=1",
					"$(inherited)",
				);
				GCC_WARN_64_TO_32_BIT_CONVERSION = YES;
				GCC_WARN_ABOUT_RETURN_TYPE = YES_ERROR;
				GCC_WARN_UNDECLARED_SELECTOR = YES;
				GCC_WARN_UNINITIALIZED_AUTOS = YES_AGGRESSIVE;
				GCC_WARN_UNUSED_FUNCTION = YES;
				GCC_WARN_UNUSED_VARIABLE = YES;
				MACOSX_DEPLOYMENT_TARGET = 10.15;
				MTL_ENABLE_DEBUG_INFO = INCLUDE_SOURCE;
				MTL_FAST_MATH = YES;
				ONLY_ACTIVE_ARCH = YES;
				SDKROOT = macosx;
				SWIFT_ACTIVE_COMPILATION_CONDITIONS = DEBUG;
				SWIFT_OPTIMIZATION_LEVEL = "-Onone";
			};
			name = Debug;
		};
		AB5F8C5C23F75CE3001064C7 /* Release */ = {
			isa = XCBuildConfiguration;
			buildSettings = {
				ALWAYS_SEARCH_USER_PATHS = NO;
				CLANG_ANALYZER_NONNULL = YES;
				CLANG_ANALYZER_NUMBER_OBJECT_CONVERSION = YES_AGGRESSIVE;
				CLANG_CXX_LANGUAGE_STANDARD = "gnu++14";
				CLANG_CXX_LIBRARY = "libc++";
				CLANG_ENABLE_MODULES = YES;
				CLANG_ENABLE_OBJC_ARC = YES;
				CLANG_ENABLE_OBJC_WEAK = YES;
				CLANG_WARN_BLOCK_CAPTURE_AUTORELEASING = YES;
				CLANG_WARN_BOOL_CONVERSION = YES;
				CLANG_WARN_COMMA = YES;
				CLANG_WARN_CONSTANT_CONVERSION = YES;
				CLANG_WARN_DEPRECATED_OBJC_IMPLEMENTATIONS = YES;
				CLANG_WARN_DIRECT_OBJC_ISA_USAGE = YES_ERROR;
				CLANG_WARN_DOCUMENTATION_COMMENTS = YES;
				CLANG_WARN_EMPTY_BODY = YES;
				CLANG_WARN_ENUM_CONVERSION = YES;
				CLANG_WARN_INFINITE_RECURSION = YES;
				CLANG_WARN_INT_CONVERSION = YES;
				CLANG_WARN_NON_LITERAL_NULL_CONVERSION = YES;
				CLANG_WARN_OBJC_IMPLICIT_RETAIN_SELF = YES;
				CLANG_WARN_OBJC_LITERAL_CONVERSION = YES;
				CLANG_WARN_OBJC_ROOT_CLASS = YES_ERROR;
				CLANG_WARN_RANGE_LOOP_ANALYSIS = YES;
				CLANG_WARN_STRICT_PROTOTYPES = YES;
				CLANG_WARN_SUSPICIOUS_MOVE = YES;
				CLANG_WARN_UNGUARDED_AVAILABILITY = YES_AGGRESSIVE;
				CLANG_WARN_UNREACHABLE_CODE = YES;
				CLANG_WARN__DUPLICATE_METHOD_MATCH = YES;
				CODE_SIGN_IDENTITY = "-";
				COPY_PHASE_STRIP = NO;
				DEBUG_INFORMATION_FORMAT = "dwarf-with-dsym";
				ENABLE_NS_ASSERTIONS = NO;
				ENABLE_STRICT_OBJC_MSGSEND = YES;
				GCC_C_LANGUAGE_STANDARD = gnu11;
				GCC_NO_COMMON_BLOCKS = YES;
				GCC_WARN_64_TO_32_BIT_CONVERSION = YES;
				GCC_WARN_ABOUT_RETURN_TYPE = YES_ERROR;
				GCC_WARN_UNDECLARED_SELECTOR = YES;
				GCC_WARN_UNINITIALIZED_AUTOS = YES_AGGRESSIVE;
				GCC_WARN_UNUSED_FUNCTION = YES;
				GCC_WARN_UNUSED_VARIABLE = YES;
				MACOSX_DEPLOYMENT_TARGET = 10.15;
				MTL_ENABLE_DEBUG_INFO = NO;
				MTL_FAST_MATH = YES;
				SDKROOT = macosx;
				SWIFT_COMPILATION_MODE = wholemodule;
				SWIFT_OPTIMIZATION_LEVEL = "-O";
			};
			name = Release;
		};
		AB5F8C5E23F75CE3001064C7 /* Debug */ = {
			isa = XCBuildConfiguration;
			buildSettings = {
				CODE_SIGN_STYLE = Automatic;
				PRODUCT_NAME = "$(TARGET_NAME)";
				SWIFT_VERSION = 4.2;
			};
			name = Debug;
		};
		AB5F8C5F23F75CE3001064C7 /* Release */ = {
			isa = XCBuildConfiguration;
			buildSettings = {
				CODE_SIGN_STYLE = Automatic;
				PRODUCT_NAME = "$(TARGET_NAME)";
				SWIFT_VERSION = 4.2;
			};
			name = Release;
		};
/* End XCBuildConfiguration section */

/* Begin XCConfigurationList section */
		AB5F8C5123F75CE3001064C7 /* Build configuration list for PBXProject "MAD2020" */ = {
			isa = XCConfigurationList;
			buildConfigurations = (
				AB5F8C5B23F75CE3001064C7 /* Debug */,
				AB5F8C5C23F75CE3001064C7 /* Release */,
			);
			defaultConfigurationIsVisible = 0;
			defaultConfigurationName = Release;
		};
		AB5F8C5D23F75CE3001064C7 /* Build configuration list for PBXNativeTarget "MAD2020" */ = {
			isa = XCConfigurationList;
			buildConfigurations = (
				AB5F8C5E23F75CE3001064C7 /* Debug */,
				AB5F8C5F23F75CE3001064C7 /* Release */,
			);
			defaultConfigurationIsVisible = 0;
			defaultConfigurationName = Release;
		};
/* End XCConfigurationList section */
	};
	rootObject = AB5F8C4E23F75CE3001064C7 /* Project object */;
}
